
Microsoft Visual Studio Solution File, Format Version 12.00
# Visual Studio Version 17
VisualStudioVersion = 17.11.35312.102
MinimumVisualStudioVersion = 10.0.40219.1
Project("{FAE04EC0-301F-11D3-BF4B-00C04F79EFBC}") = "DesignPatternSingleton", "DesignPatternSingleton\DesignPatternSingleton.csproj", "{E9607B57-2234-41A7-989A-68CB44F8754D}"
EndProject
Project("{FAE04EC0-301F-11D3-BF4B-00C04F79EFBC}") = "DesignPatternFactory", "DesignPatternFactory\DesignPatternFactory.csproj", "{B8DEABB0-8E1B-4E13-ADFA-4C133D88D17C}"
EndProject
Global
	GlobalSection(SolutionConfigurationPlatforms) = preSolution
		Debug|Any CPU = Debug|Any CPU
		Release|Any CPU = Release|Any CPU
	EndGlobalSection
	GlobalSection(ProjectConfigurationPlatforms) = postSolution
		{E9607B57-2234-41A7-989A-68CB44F8754D}.Debug|Any CPU.ActiveCfg = Debug|Any CPU
		{E9607B57-2234-41A7-989A-68CB44F8754D}.Debug|Any CPU.Build.0 = Debug|Any CPU
		{E9607B57-2234-41A7-989A-68CB44F8754D}.Release|Any CPU.ActiveCfg = Release|Any CPU
		{E9607B57-2234-41A7-989A-68CB44F8754D}.Release|Any CPU.Build.0 = Release|Any CPU
		{B8DEABB0-8E1B-4E13-ADFA-4C133D88D17C}.Debug|Any CPU.ActiveCfg = Debug|Any CPU
		{B8DEABB0-8E1B-4E13-ADFA-4C133D88D17C}.Debug|Any CPU.Build.0 = Debug|Any CPU
		{B8DEABB0-8E1B-4E13-ADFA-4C133D88D17C}.Release|Any CPU.ActiveCfg = Release|Any CPU
		{B8DEABB0-8E1B-4E13-ADFA-4C133D88D17C}.Release|Any CPU.Build.0 = Release|Any CPU
	EndGlobalSection
	GlobalSection(SolutionProperties) = preSolution
		HideSolutionNode = FALSE
	EndGlobalSection
	GlobalSection(ExtensibilityGlobals) = postSolution
		SolutionGuid = {B5EF43DD-83A2-4A45-B17C-43A443F7FB9F}
	EndGlobalSection
EndGlobal
